<?xml version="1.0" encoding="utf-8"?>
<Project ToolsVersion="4.0" xmlns="http://schemas.microsoft.com/developer/msbuild/2003">
  <ItemGroup>
    <Filter Include="Source Files">
      <UniqueIdentifier>{4FC737F1-C7A5-4376-A066-2A32D752A2FF}</UniqueIdentifier>
      <Extensions>cpp;c;cc;cxx;c++;cppm;ixx;def;odl;idl;hpj;bat;asm;asmx</Extensions>
    </Filter>
    <Filter Include="Header Files">
      <UniqueIdentifier>{93995380-89BD-4b04-88EB-625FBE52EBFB}</UniqueIdentifier>
      <Extensions>h;hh;hpp;hxx;h++;hm;inl;inc;ipp;xsd</Extensions>
    </Filter>
    <Filter Include="Resource Files">
      <UniqueIdentifier>{67DA6AB6-F800-4c08-8B7A-83BB121AAD01}</UniqueIdentifier>
      <Extensions>rc;ico;cur;bmp;dlg;rc2;rct;bin;rgs;gif;jpg;jpeg;jpe;resx;tiff;tif;png;wav;mfcribbon-ms</Extensions>
    </Filter>
  </ItemGroup>
  <ItemGroup>
    <ClInclude Include="doctest.h">
      <Filter>Header Files</Filter>
    </ClInclude>
    <ClInclude Include="MathBase\parse\command.h">
      <Filter>Header Files</Filter>
    </ClInclude>
    <ClInclude Include="MathBase\parse\location.hh">
      <Filter>Header Files</Filter>
    </ClInclude>
    <ClInclude Include="MathBase\parse\parser.hpp">
      <Filter>Header Files</Filter>
    </ClInclude>
    <ClInclude Include="MathBase\parse\position.hh">
      <Filter>Header Files</Filter>
    </ClInclude>
    <ClInclude Include="MathBase\parse\scanner.h">
      <Filter>Header Files</Filter>
    </ClInclude>
    <ClInclude Include="MathBase\parse\stack.hh">
      <Filter>Header Files</Filter>
    </ClInclude>
    <ClInclude Include="MathBase\parse\FlexLexer.h">
      <Filter>Header Files</Filter>
    </ClInclude>
    <ClInclude Include="MathBase\merr\errloc.h">
      <Filter>Header Files</Filter>
    </ClInclude>
    <ClInclude Include="MathBase\merr\ErrorManager.h">
      <Filter>Header Files</Filter>
    </ClInclude>
    <ClInclude Include="MathBase\merr\errpick.h">
      <Filter>Header Files</Filter>
    </ClInclude>
    <ClInclude Include="MathBase\merr\MathError.h">
      <Filter>Header Files</Filter>
    </ClInclude>
    <ClInclude Include="MathBase\merr\MathErrorType.h">
      <Filter>Header Files</Filter>
    </ClInclude>
    <ClInclude Include="MathBase\CalculationOfSquareRoot.h">
      <Filter>Header Files</Filter>
    </ClInclude>
    <ClInclude Include="MathBase\Euler.h">
      <Filter>Header Files</Filter>
    </ClInclude>
    <ClInclude Include="MathBase\Exponent.h">
      <Filter>Header Files</Filter>
    </ClInclude>
    <ClInclude Include="MathBase\FiniteField.h">
      <Filter>Header Files</Filter>
    </ClInclude>
    <ClInclude Include="MathBase\FiniteNumber.h">
      <Filter>Header Files</Filter>
    </ClInclude>
    <ClInclude Include="MathBase\GCD.h">
      <Filter>Header Files</Filter>
    </ClInclude>
    <ClInclude Include="MathBase\Logarithm.h">
      <Filter>Header Files</Filter>
    </ClInclude>
    <ClInclude Include="MathBase\MillerRabin.h">
      <Filter>Header Files</Filter>
    </ClInclude>
    <ClInclude Include="MathBase\Pollard.h">
      <Filter>Header Files</Filter>
    </ClInclude>
    <ClInclude Include="MathBase\PositiveNumber.h">
      <Filter>Header Files</Filter>
    </ClInclude>
    <ClInclude Include="MathBase\SignedNumber.h">
      <Filter>Header Files</Filter>
    </ClInclude>
    <ClInclude Include="MathBase\AST_Core.h">
      <Filter>Header Files</Filter>
    </ClInclude>
    <ClInclude Include="MathBase\AST_Operation.h">
      <Filter>Header Files</Filter>
    </ClInclude>
    <ClInclude Include="MathBase\AST_Context_Type.h">
      <Filter>Header Files</Filter>
    </ClInclude>
    <ClInclude Include="MathBase\AST_FiniteFieldCalculator.h">
      <Filter>Header Files</Filter>
    </ClInclude>
    <ClInclude Include="MathBase\utils\StringPrintable.h">
      <Filter>Header Files</Filter>
    </ClInclude>
    <ClInclude Include="MathBase\doctest.h">
      <Filter>Header Files</Filter>
    </ClInclude>
    <ClInclude Include="MathBase\FactorizationEngine.h">
      <Filter>Header Files</Filter>
    </ClInclude>
    <ClInclude Include="MathBase\FactorizationResult.h">
      <Filter>Header Files</Filter>
    </ClInclude>
    <ClInclude Include="MathBase\RNG.h">
      <Filter>Header Files</Filter>
    </ClInclude>
    <ClInclude Include="MathBase\FiniteGroup.h">
      <Filter>Header Files</Filter>
    </ClInclude>
    <ClInclude Include="MathBase\OrderEngine.h">
      <Filter>Header Files</Filter>
    </ClInclude>
    <ClInclude Include="MathBase\PrimeTestEngine.h">
      <Filter>Header Files</Filter>
    </ClInclude>
  </ItemGroup>
  <ItemGroup>
    <ClCompile Include="MathBase\parse\command.cpp">
      <Filter>Source Files</Filter>
    </ClCompile>
    <ClCompile Include="MathBase\parse\interpreter.cpp">
      <Filter>Source Files</Filter>
    </ClCompile>
    <ClCompile Include="MathBase\parse\parser.cpp">
      <Filter>Source Files</Filter>
    </ClCompile>
    <ClCompile Include="MathBase\parse\scanner.cpp">
      <Filter>Source Files</Filter>
    </ClCompile>
    <ClCompile Include="MathBase\merr\errloc.cpp">
      <Filter>Source Files</Filter>
    </ClCompile>
    <ClCompile Include="MathBase\merr\ErrorManager.cpp">
      <Filter>Source Files</Filter>
    </ClCompile>
    <ClCompile Include="MathBase\merr\errpick.cpp">
      <Filter>Source Files</Filter>
    </ClCompile>
    <ClCompile Include="MathBase\merr\MathError.cpp">
      <Filter>Source Files</Filter>
    </ClCompile>
    <ClCompile Include="MathBase\merr\MathErrorType.cpp">
      <Filter>Source Files</Filter>
    </ClCompile>
    <ClCompile Include="MathBase\CalculationOfSquareRoot.cpp">
      <Filter>Source Files</Filter>
    </ClCompile>
    <ClCompile Include="MathBase\Euler.cpp">
      <Filter>Source Files</Filter>
    </ClCompile>
    <ClCompile Include="MathBase\GCD.cpp">
      <Filter>Source Files</Filter>
    </ClCompile>
    <ClCompile Include="MathBase\Logarithm.cpp">
      <Filter>Source Files</Filter>
    </ClCompile>
    <ClCompile Include="MathBase\AST_Core.cpp">
      <Filter>Source Files</Filter>
    </ClCompile>
    <ClCompile Include="MathBase\AST_Generic_Visitor.h">
      <Filter>Header Files</Filter>
    </ClCompile>
    <ClCompile Include="MathBase\AST_GenericVisitor.cpp">
      <Filter>Source Files</Filter>
    </ClCompile>
    <ClCompile Include="MathBase\AST_Operation.cpp">
      <Filter>Source Files</Filter>
    </ClCompile>
    <ClCompile Include="MathBase\AST_Context_Type.cpp">
      <Filter>Source Files</Filter>
    </ClCompile>
    <ClCompile Include="MathBase\AST_FiniteFieldCalculator.cpp">
      <Filter>Source Files</Filter>
    </ClCompile>
    <ClCompile Include="MathBase\utils\StringPrintable.cpp">
      <Filter>Source Files</Filter>
    </ClCompile>
    <ClCompile Include="MathBase\test.cpp">
      <Filter>Source Files</Filter>
    </ClCompile>
    <ClCompile Include="MathBase\RNG.cpp">
      <Filter>Source Files</Filter>
    </ClCompile>
    <ClCompile Include="MathBase\FactorizationEngine.cpp">
      <Filter>Source Files</Filter>
    </ClCompile>
    <ClCompile Include="MathBase\FactorizationResult.cpp">
      <Filter>Source Files</Filter>
    </ClCompile>
    <ClCompile Include="MathBase\OrderEngine.cpp">
      <Filter>Source Files</Filter>
    </ClCompile>
    <ClCompile Include="MathBase\PrimeTestEngine.cpp">
      <Filter>Source Files</Filter>
    </ClCompile>
  </ItemGroup>
  <ItemGroup>
    <None Include="MathBase\parse\parser.y">
      <Filter>Resource Files</Filter>
    </None>
    <None Include="MathBase\parse\scanner.l">
      <Filter>Resource Files</Filter>
    </None>
  </ItemGroup>
</Project>